
Microsoft Visual Studio Solution File, Format Version 12.00
# Visual Studio Version 17
VisualStudioVersion = 17.14.36221.1 d17.14
MinimumVisualStudioVersion = 10.0.40219.1
Project("{FAE04EC0-301F-11D3-BF4B-00C04F79EFBC}") = "PvZ-Replanter-GUI", "PvZ-Replanter-GUI.csproj", "{350EDCC7-B9DE-4D55-9723-5230185EC62E}"
EndProject
Global
	GlobalSection(SolutionConfigurationPlatforms) = preSolution
		Debug|Any CPU = Debug|Any CPU
		Release|Any CPU = Release|Any CPU
	EndGlobalSection
	GlobalSection(ProjectConfigurationPlatforms) = postSolution
		{350EDCC7-B9DE-4D55-9723-5230185EC62E}.Debug|Any CPU.ActiveCfg = Debug|Any CPU
		{350EDCC7-B9DE-4D55-9723-5230185EC62E}.Debug|Any CPU.Build.0 = Debug|Any CPU
		{350EDCC7-B9DE-4D55-9723-5230185EC62E}.Release|Any CPU.ActiveCfg = Release|Any CPU
		{350EDCC7-B9DE-4D55-9723-5230185EC62E}.Release|Any CPU.Build.0 = Release|Any CPU
	EndGlobalSection
	GlobalSection(SolutionProperties) = preSolution
		HideSolutionNode = FALSE
	EndGlobalSection
	GlobalSection(ExtensibilityGlobals) = postSolution
		SolutionGuid = {0C325AB7-E048-42ED-A21F-9376C6B93344}
	EndGlobalSection
EndGlobal
